
Microsoft Visual Studio Solution File, Format Version 12.00
# Visual Studio 15
VisualStudioVersion = 15.0.28307.645
MinimumVisualStudioVersion = 10.0.40219.1
Project("{FAE04EC0-301F-11D3-BF4B-00C04F79EFBC}") = "RunProcess_Kilya", "RunProcess_Kilya\RunProcess_Kilya.csproj", "{8861FAD4-294B-40CF-8883-D705C1AAFF62}"
EndProject
Global
	GlobalSection(SolutionConfigurationPlatforms) = preSolution
		Debug|Any CPU = Debug|Any CPU
		Release|Any CPU = Release|Any CPU
	EndGlobalSection
	GlobalSection(ProjectConfigurationPlatforms) = postSolution
		{8861FAD4-294B-40CF-8883-D705C1AAFF62}.Debug|Any CPU.ActiveCfg = Debug|Any CPU
		{8861FAD4-294B-40CF-8883-D705C1AAFF62}.Debug|Any CPU.Build.0 = Debug|Any CPU
		{8861FAD4-294B-40CF-8883-D705C1AAFF62}.Release|Any CPU.ActiveCfg = Release|Any CPU
		{8861FAD4-294B-40CF-8883-D705C1AAFF62}.Release|Any CPU.Build.0 = Release|Any CPU
	EndGlobalSection
	GlobalSection(SolutionProperties) = preSolution
		HideSolutionNode = FALSE
	EndGlobalSection
	GlobalSection(ExtensibilityGlobals) = postSolution
		SolutionGuid = {D58DA73A-B450-4886-99AA-B9915AEDF118}
	EndGlobalSection
EndGlobal
